// !$*UTF8*$!
{
	archiveVersion = 1;
	classes = {
	};
	objectVersion = 55;
	objects = {

/* Begin PBXBuildFile section */
		BE6C20B72969C08E0097BE0F /* WeatherSwiftUIApp.swift in Sources */ = {isa = PBXBuildFile; fileRef = BE6C20B62969C08E0097BE0F /* WeatherSwiftUIApp.swift */; };
		BE6C20BB2969C0910097BE0F /* Assets.xcassets in Resources */ = {isa = PBXBuildFile; fileRef = BE6C20BA2969C0910097BE0F /* Assets.xcassets */; };
		BE6C20BE2969C0910097BE0F /* Preview Assets.xcassets in Resources */ = {isa = PBXBuildFile; fileRef = BE6C20BD2969C0910097BE0F /* Preview Assets.xcassets */; };
		BE6C20E72969C3E50097BE0F /* HomeView.swift in Sources */ = {isa = PBXBuildFile; fileRef = BE6C20E62969C3E50097BE0F /* HomeView.swift */; };
		BE6C20E92969C5BC0097BE0F /* BackgroundView.swift in Sources */ = {isa = PBXBuildFile; fileRef = BE6C20E82969C5BC0097BE0F /* BackgroundView.swift */; };
		BE6C20EB2969C87E0097BE0F /* CityTextView.swift in Sources */ = {isa = PBXBuildFile; fileRef = BE6C20EA2969C87E0097BE0F /* CityTextView.swift */; };
		BE6C20ED2969CAEE0097BE0F /* WeatherView.swift in Sources */ = {isa = PBXBuildFile; fileRef = BE6C20EC2969CAEE0097BE0F /* WeatherView.swift */; };
		BE6C20EF2969CCFB0097BE0F /* WeatherDayView.swift in Sources */ = {isa = PBXBuildFile; fileRef = BE6C20EE2969CCFB0097BE0F /* WeatherDayView.swift */; };
/* End PBXBuildFile section */

/* Begin PBXContainerItemProxy section */
		BE6C20C42969C0920097BE0F /* PBXContainerItemProxy */ = {
			isa = PBXContainerItemProxy;
			containerPortal = BE6C20AB2969C08E0097BE0F /* Project object */;
			proxyType = 1;
			remoteGlobalIDString = BE6C20B22969C08E0097BE0F;
			remoteInfo = WeatherSwiftUI;
		};
		BE6C20CE2969C0920097BE0F /* PBXContainerItemProxy */ = {
			isa = PBXContainerItemProxy;
			containerPortal = BE6C20AB2969C08E0097BE0F /* Project object */;
			proxyType = 1;
			remoteGlobalIDString = BE6C20B22969C08E0097BE0F;
			remoteInfo = WeatherSwiftUI;
		};
/* End PBXContainerItemProxy section */

/* Begin PBXFileReference section */
		BE6C20B32969C08E0097BE0F /* WeatherSwiftUI.app */ = {isa = PBXFileReference; explicitFileType = wrapper.application; includeInIndex = 0; path = WeatherSwiftUI.app; sourceTree = BUILT_PRODUCTS_DIR; };
		BE6C20B62969C08E0097BE0F /* WeatherSwiftUIApp.swift */ = {isa = PBXFileReference; lastKnownFileType = sourcecode.swift; path = WeatherSwiftUIApp.swift; sourceTree = "<group>"; };
		BE6C20BA2969C0910097BE0F /* Assets.xcassets */ = {isa = PBXFileReference; lastKnownFileType = folder.assetcatalog; path = Assets.xcassets; sourceTree = "<group>"; };
		BE6C20BD2969C0910097BE0F /* Preview Assets.xcassets */ = {isa = PBXFileReference; lastKnownFileType = folder.assetcatalog; path = "Preview Assets.xcassets"; sourceTree = "<group>"; };
		BE6C20C32969C0920097BE0F /* WeatherSwiftUITests.xctest */ = {isa = PBXFileReference; explicitFileType = wrapper.cfbundle; includeInIndex = 0; path = WeatherSwiftUITests.xctest; sourceTree = BUILT_PRODUCTS_DIR; };
		BE6C20CD2969C0920097BE0F /* WeatherSwiftUIUITests.xctest */ = {isa = PBXFileReference; explicitFileType = wrapper.cfbundle; includeInIndex = 0; path = WeatherSwiftUIUITests.xctest; sourceTree = BUILT_PRODUCTS_DIR; };
		BE6C20E62969C3E50097BE0F /* HomeView.swift */ = {isa = PBXFileReference; lastKnownFileType = sourcecode.swift; path = HomeView.swift; sourceTree = "<group>"; };
		BE6C20E82969C5BC0097BE0F /* BackgroundView.swift */ = {isa = PBXFileReference; lastKnownFileType = sourcecode.swift; path = BackgroundView.swift; sourceTree = "<group>"; };
		BE6C20EA2969C87E0097BE0F /* CityTextView.swift */ = {isa = PBXFileReference; lastKnownFileType = sourcecode.swift; path = CityTextView.swift; sourceTree = "<group>"; };
		BE6C20EC2969CAEE0097BE0F /* WeatherView.swift */ = {isa = PBXFileReference; lastKnownFileType = sourcecode.swift; path = WeatherView.swift; sourceTree = "<group>"; };
		BE6C20EE2969CCFB0097BE0F /* WeatherDayView.swift */ = {isa = PBXFileReference; lastKnownFileType = sourcecode.swift; path = WeatherDayView.swift; sourceTree = "<group>"; };
/* End PBXFileReference section */

/* Begin PBXFrameworksBuildPhase section */
		BE6C20B02969C08E0097BE0F /* Frameworks */ = {
			isa = PBXFrameworksBuildPhase;
			buildActionMask = 2147483647;
			files = (
			);
			runOnlyForDeploymentPostprocessing = 0;
		};
		BE6C20C02969C0920097BE0F /* Frameworks */ = {
			isa = PBXFrameworksBuildPhase;
			buildActionMask = 2147483647;
			files = (
			);
			runOnlyForDeploymentPostprocessing = 0;
		};
		BE6C20CA2969C0920097BE0F /* Frameworks */ = {
			isa = PBXFrameworksBuildPhase;
			buildActionMask = 2147483647;
			files = (
			);
			runOnlyForDeploymentPostprocessing = 0;
		};
/* End PBXFrameworksBuildPhase section */

/* Begin PBXGroup section */
		BE6C20AA2969C08E0097BE0F = {
			isa = PBXGroup;
			children = (
				BE6C20B52969C08E0097BE0F /* WeatherSwiftUI */,
				BE6C20B42969C08E0097BE0F /* Products */,
			);
			sourceTree = "<group>";
		};
		BE6C20B42969C08E0097BE0F /* Products */ = {
			isa = PBXGroup;
			children = (
				BE6C20B32969C08E0097BE0F /* WeatherSwiftUI.app */,
				BE6C20C32969C0920097BE0F /* WeatherSwiftUITests.xctest */,
				BE6C20CD2969C0920097BE0F /* WeatherSwiftUIUITests.xctest */,
			);
			name = Products;
			sourceTree = "<group>";
		};
		BE6C20B52969C08E0097BE0F /* WeatherSwiftUI */ = {
			isa = PBXGroup;
			children = (
				BE6C20E22969C3500097BE0F /* App */,
				BE6C20E32969C3750097BE0F /* PresentationLayer */,
				BE6C20BA2969C0910097BE0F /* Assets.xcassets */,
				BE6C20BC2969C0910097BE0F /* Preview Content */,
			);
			path = WeatherSwiftUI;
			sourceTree = "<group>";
		};
		BE6C20BC2969C0910097BE0F /* Preview Content */ = {
			isa = PBXGroup;
			children = (
				BE6C20BD2969C0910097BE0F /* Preview Assets.xcassets */,
			);
			path = "Preview Content";
			sourceTree = "<group>";
		};
		BE6C20E22969C3500097BE0F /* App */ = {
			isa = PBXGroup;
			children = (
				BE6C20B62969C08E0097BE0F /* WeatherSwiftUIApp.swift */,
			);
			path = App;
			sourceTree = "<group>";
		};
		BE6C20E32969C3750097BE0F /* PresentationLayer */ = {
			isa = PBXGroup;
			children = (
				BE6C20E42969C3C30097BE0F /* HomeScene */,
			);
			path = PresentationLayer;
			sourceTree = "<group>";
		};
		BE6C20E42969C3C30097BE0F /* HomeScene */ = {
			isa = PBXGroup;
			children = (
				BE6C20E52969C3D30097BE0F /* Views */,
			);
			path = HomeScene;
			sourceTree = "<group>";
		};
		BE6C20E52969C3D30097BE0F /* Views */ = {
			isa = PBXGroup;
			children = (
				BE6C20E62969C3E50097BE0F /* HomeView.swift */,
				BE6C20E82969C5BC0097BE0F /* BackgroundView.swift */,
				BE6C20EA2969C87E0097BE0F /* CityTextView.swift */,
				BE6C20EC2969CAEE0097BE0F /* WeatherView.swift */,
				BE6C20EE2969CCFB0097BE0F /* WeatherDayView.swift */,
			);
			path = Views;
			sourceTree = "<group>";
		};
/* End PBXGroup section */

/* Begin PBXNativeTarget section */
		BE6C20B22969C08E0097BE0F /* WeatherSwiftUI */ = {
			isa = PBXNativeTarget;
			buildConfigurationList = BE6C20D72969C0920097BE0F /* Build configuration list for PBXNativeTarget "WeatherSwiftUI" */;
			buildPhases = (
				BE6C20AF2969C08E0097BE0F /* Sources */,
				BE6C20B02969C08E0097BE0F /* Frameworks */,
				BE6C20B12969C08E0097BE0F /* Resources */,
			);
			buildRules = (
			);
			dependencies = (
			);
			name = WeatherSwiftUI;
			productName = WeatherSwiftUI;
			productReference = BE6C20B32969C08E0097BE0F /* WeatherSwiftUI.app */;
			productType = "com.apple.product-type.application";
		};
		BE6C20C22969C0920097BE0F /* WeatherSwiftUITests */ = {
			isa = PBXNativeTarget;
			buildConfigurationList = BE6C20DA2969C0920097BE0F /* Build configuration list for PBXNativeTarget "WeatherSwiftUITests" */;
			buildPhases = (
				BE6C20BF2969C0920097BE0F /* Sources */,
				BE6C20C02969C0920097BE0F /* Frameworks */,
				BE6C20C12969C0920097BE0F /* Resources */,
			);
			buildRules = (
			);
			dependencies = (
				BE6C20C52969C0920097BE0F /* PBXTargetDependency */,
			);
			name = WeatherSwiftUITests;
			productName = WeatherSwiftUITests;
			productReference = BE6C20C32969C0920097BE0F /* WeatherSwiftUITests.xctest */;
			productType = "com.apple.product-type.bundle.unit-test";
		};
		BE6C20CC2969C0920097BE0F /* WeatherSwiftUIUITests */ = {
			isa = PBXNativeTarget;
			buildConfigurationList = BE6C20DD2969C0920097BE0F /* Build configuration list for PBXNativeTarget "WeatherSwiftUIUITests" */;
			buildPhases = (
				BE6C20C92969C0920097BE0F /* Sources */,
				BE6C20CA2969C0920097BE0F /* Frameworks */,
				BE6C20CB2969C0920097BE0F /* Resources */,
			);
			buildRules = (
			);
			dependencies = (
				BE6C20CF2969C0920097BE0F /* PBXTargetDependency */,
			);
			name = WeatherSwiftUIUITests;
			productName = WeatherSwiftUIUITests;
			productReference = BE6C20CD2969C0920097BE0F /* WeatherSwiftUIUITests.xctest */;
			productType = "com.apple.product-type.bundle.ui-testing";
		};
/* End PBXNativeTarget section */

/* Begin PBXProject section */
		BE6C20AB2969C08E0097BE0F /* Project object */ = {
			isa = PBXProject;
			attributes = {
				BuildIndependentTargetsInParallel = 1;
				LastSwiftUpdateCheck = 1340;
				LastUpgradeCheck = 1340;
				TargetAttributes = {
					BE6C20B22969C08E0097BE0F = {
						CreatedOnToolsVersion = 13.4.1;
					};
					BE6C20C22969C0920097BE0F = {
						CreatedOnToolsVersion = 13.4.1;
						TestTargetID = BE6C20B22969C08E0097BE0F;
					};
					BE6C20CC2969C0920097BE0F = {
						CreatedOnToolsVersion = 13.4.1;
						TestTargetID = BE6C20B22969C08E0097BE0F;
					};
				};
			};
			buildConfigurationList = BE6C20AE2969C08E0097BE0F /* Build configuration list for PBXProject "WeatherSwiftUI" */;
			compatibilityVersion = "Xcode 13.0";
			developmentRegion = en;
			hasScannedForEncodings = 0;
			knownRegions = (
				en,
				Base,
			);
			mainGroup = BE6C20AA2969C08E0097BE0F;
			productRefGroup = BE6C20B42969C08E0097BE0F /* Products */;
			projectDirPath = "";
			projectRoot = "";
			targets = (
				BE6C20B22969C08E0097BE0F /* WeatherSwiftUI */,
				BE6C20C22969C0920097BE0F /* WeatherSwiftUITests */,
				BE6C20CC2969C0920097BE0F /* WeatherSwiftUIUITests */,
			);
		};
/* End PBXProject section */

/* Begin PBXResourcesBuildPhase section */
		BE6C20B12969C08E0097BE0F /* Resources */ = {
			isa = PBXResourcesBuildPhase;
			buildActionMask = 2147483647;
			files = (
				BE6C20BE2969C0910097BE0F /* Preview Assets.xcassets in Resources */,
				BE6C20BB2969C0910097BE0F /* Assets.xcassets in Resources */,
			);
			runOnlyForDeploymentPostprocessing = 0;
		};
		BE6C20C12969C0920097BE0F /* Resources */ = {
			isa = PBXResourcesBuildPhase;
			buildActionMask = 2147483647;
			files = (
			);
			runOnlyForDeploymentPostprocessing = 0;
		};
		BE6C20CB2969C0920097BE0F /* Resources */ = {
			isa = PBXResourcesBuildPhase;
			buildActionMask = 2147483647;
			files = (
			);
			runOnlyForDeploymentPostprocessing = 0;
		};
/* End PBXResourcesBuildPhase section */

/* Begin PBXSourcesBuildPhase section */
		BE6C20AF2969C08E0097BE0F /* Sources */ = {
			isa = PBXSourcesBuildPhase;
			buildActionMask = 2147483647;
			files = (
				BE6C20ED2969CAEE0097BE0F /* WeatherView.swift in Sources */,
				BE6C20E92969C5BC0097BE0F /* BackgroundView.swift in Sources */,
				BE6C20EF2969CCFB0097BE0F /* WeatherDayView.swift in Sources */,
				BE6C20EB2969C87E0097BE0F /* CityTextView.swift in Sources */,
				BE6C20B72969C08E0097BE0F /* WeatherSwiftUIApp.swift in Sources */,
				BE6C20E72969C3E50097BE0F /* HomeView.swift in Sources */,
			);
			runOnlyForDeploymentPostprocessing = 0;
		};
		BE6C20BF2969C0920097BE0F /* Sources */ = {
			isa = PBXSourcesBuildPhase;
			buildActionMask = 2147483647;
			files = (
			);
			runOnlyForDeploymentPostprocessing = 0;
		};
		BE6C20C92969C0920097BE0F /* Sources */ = {
			isa = PBXSourcesBuildPhase;
			buildActionMask = 2147483647;
			files = (
			);
			runOnlyForDeploymentPostprocessing = 0;
		};
/* End PBXSourcesBuildPhase section */

/* Begin PBXTargetDependency section */
		BE6C20C52969C0920097BE0F /* PBXTargetDependency */ = {
			isa = PBXTargetDependency;
			target = BE6C20B22969C08E0097BE0F /* WeatherSwiftUI */;
			targetProxy = BE6C20C42969C0920097BE0F /* PBXContainerItemProxy */;
		};
		BE6C20CF2969C0920097BE0F /* PBXTargetDependency */ = {
			isa = PBXTargetDependency;
			target = BE6C20B22969C08E0097BE0F /* WeatherSwiftUI */;
			targetProxy = BE6C20CE2969C0920097BE0F /* PBXContainerItemProxy */;
		};
/* End PBXTargetDependency section */

/* Begin XCBuildConfiguration section */
		BE6C20D52969C0920097BE0F /* Debug */ = {
			isa = XCBuildConfiguration;
			buildSettings = {
				ALWAYS_SEARCH_USER_PATHS = NO;
				CLANG_ANALYZER_NONNULL = YES;
				CLANG_ANALYZER_NUMBER_OBJECT_CONVERSION = YES_AGGRESSIVE;
				CLANG_CXX_LANGUAGE_STANDARD = "gnu++17";
				CLANG_ENABLE_MODULES = YES;
				CLANG_ENABLE_OBJC_ARC = YES;
				CLANG_ENABLE_OBJC_WEAK = YES;
				CLANG_WARN_BLOCK_CAPTURE_AUTORELEASING = YES;
				CLANG_WARN_BOOL_CONVERSION = YES;
				CLANG_WARN_COMMA = YES;
				CLANG_WARN_CONSTANT_CONVERSION = YES;
				CLANG_WARN_DEPRECATED_OBJC_IMPLEMENTATIONS = YES;
				CLANG_WARN_DIRECT_OBJC_ISA_USAGE = YES_ERROR;
				CLANG_WARN_DOCUMENTATION_COMMENTS = YES;
				CLANG_WARN_EMPTY_BODY = YES;
				CLANG_WARN_ENUM_CONVERSION = YES;
				CLANG_WARN_INFINITE_RECURSION = YES;
				CLANG_WARN_INT_CONVERSION = YES;
				CLANG_WARN_NON_LITERAL_NULL_CONVERSION = YES;
				CLANG_WARN_OBJC_IMPLICIT_RETAIN_SELF = YES;
				CLANG_WARN_OBJC_LITERAL_CONVERSION = YES;
				CLANG_WARN_OBJC_ROOT_CLASS = YES_ERROR;
				CLANG_WARN_QUOTED_INCLUDE_IN_FRAMEWORK_HEADER = YES;
				CLANG_WARN_RANGE_LOOP_ANALYSIS = YES;
				CLANG_WARN_STRICT_PROTOTYPES = YES;
				CLANG_WARN_SUSPICIOUS_MOVE = YES;
				CLANG_WARN_UNGUARDED_AVAILABILITY = YES_AGGRESSIVE;
				CLANG_WARN_UNREACHABLE_CODE = YES;
				CLANG_WARN__DUPLICATE_METHOD_MATCH = YES;
				COPY_PHASE_STRIP = NO;
				DEBUG_INFORMATION_FORMAT = dwarf;
				ENABLE_STRICT_OBJC_MSGSEND = YES;
				ENABLE_TESTABILITY = YES;
				GCC_C_LANGUAGE_STANDARD = gnu11;
				GCC_DYNAMIC_NO_PIC = NO;
				GCC_NO_COMMON_BLOCKS = YES;
				GCC_OPTIMIZATION_LEVEL = 0;
				GCC_PREPROCESSOR_DEFINITIONS = (
					"DEBUG=1",
					"$(inherited)",
				);
				GCC_WARN_64_TO_32_BIT_CONVERSION = YES;
				GCC_WARN_ABOUT_RETURN_TYPE = YES_ERROR;
				GCC_WARN_UNDECLARED_SELECTOR = YES;
				GCC_WARN_UNINITIALIZED_AUTOS = YES_AGGRESSIVE;
				GCC_WARN_UNUSED_FUNCTION = YES;
				GCC_WARN_UNUSED_VARIABLE = YES;
				IPHONEOS_DEPLOYMENT_TARGET = 15.5;
				MTL_ENABLE_DEBUG_INFO = INCLUDE_SOURCE;
				MTL_FAST_MATH = YES;
				ONLY_ACTIVE_ARCH = YES;
				SDKROOT = iphoneos;
				SWIFT_ACTIVE_COMPILATION_CONDITIONS = DEBUG;
				SWIFT_OPTIMIZATION_LEVEL = "-Onone";
			};
			name = Debug;
		};
		BE6C20D62969C0920097BE0F /* Release */ = {
			isa = XCBuildConfiguration;
			buildSettings = {
				ALWAYS_SEARCH_USER_PATHS = NO;
				CLANG_ANALYZER_NONNULL = YES;
				CLANG_ANALYZER_NUMBER_OBJECT_CONVERSION = YES_AGGRESSIVE;
				CLANG_CXX_LANGUAGE_STANDARD = "gnu++17";
				CLANG_ENABLE_MODULES = YES;
				CLANG_ENABLE_OBJC_ARC = YES;
				CLANG_ENABLE_OBJC_WEAK = YES;
				CLANG_WARN_BLOCK_CAPTURE_AUTORELEASING = YES;
				CLANG_WARN_BOOL_CONVERSION = YES;
				CLANG_WARN_COMMA = YES;
				CLANG_WARN_CONSTANT_CONVERSION = YES;
				CLANG_WARN_DEPRECATED_OBJC_IMPLEMENTATIONS = YES;
				CLANG_WARN_DIRECT_OBJC_ISA_USAGE = YES_ERROR;
				CLANG_WARN_DOCUMENTATION_COMMENTS = YES;
				CLANG_WARN_EMPTY_BODY = YES;
				CLANG_WARN_ENUM_CONVERSION = YES;
				CLANG_WARN_INFINITE_RECURSION = YES;
				CLANG_WARN_INT_CONVERSION = YES;
				CLANG_WARN_NON_LITERAL_NULL_CONVERSION = YES;
				CLANG_WARN_OBJC_IMPLICIT_RETAIN_SELF = YES;
				CLANG_WARN_OBJC_LITERAL_CONVERSION = YES;
				CLANG_WARN_OBJC_ROOT_CLASS = YES_ERROR;
				CLANG_WARN_QUOTED_INCLUDE_IN_FRAMEWORK_HEADER = YES;
				CLANG_WARN_RANGE_LOOP_ANALYSIS = YES;
				CLANG_WARN_STRICT_PROTOTYPES = YES;
				CLANG_WARN_SUSPICIOUS_MOVE = YES;
				CLANG_WARN_UNGUARDED_AVAILABILITY = YES_AGGRESSIVE;
				CLANG_WARN_UNREACHABLE_CODE = YES;
				CLANG_WARN__DUPLICATE_METHOD_MATCH = YES;
				COPY_PHASE_STRIP = NO;
				DEBUG_INFORMATION_FORMAT = "dwarf-with-dsym";
				ENABLE_NS_ASSERTIONS = NO;
				ENABLE_STRICT_OBJC_MSGSEND = YES;
				GCC_C_LANGUAGE_STANDARD = gnu11;
				GCC_NO_COMMON_BLOCKS = YES;
				GCC_WARN_64_TO_32_BIT_CONVERSION = YES;
				GCC_WARN_ABOUT_RETURN_TYPE = YES_ERROR;
				GCC_WARN_UNDECLARED_SELECTOR = YES;
				GCC_WARN_UNINITIALIZED_AUTOS = YES_AGGRESSIVE;
				GCC_WARN_UNUSED_FUNCTION = YES;
				GCC_WARN_UNUSED_VARIABLE = YES;
				IPHONEOS_DEPLOYMENT_TARGET = 15.5;
				MTL_ENABLE_DEBUG_INFO = NO;
				MTL_FAST_MATH = YES;
				SDKROOT = iphoneos;
				SWIFT_COMPILATION_MODE = wholemodule;
				SWIFT_OPTIMIZATION_LEVEL = "-O";
				VALIDATE_PRODUCT = YES;
			};
			name = Release;
		};
		BE6C20D82969C0920097BE0F /* Debug */ = {
			isa = XCBuildConfiguration;
			buildSettings = {
				ASSETCATALOG_COMPILER_APPICON_NAME = AppIcon;
				ASSETCATALOG_COMPILER_GLOBAL_ACCENT_COLOR_NAME = AccentColor;
				CODE_SIGN_STYLE = Automatic;
				CURRENT_PROJECT_VERSION = 1;
				DEVELOPMENT_ASSET_PATHS = "\"WeatherSwiftUI/Preview Content\"";
				DEVELOPMENT_TEAM = VRQ6H42Z38;
				ENABLE_PREVIEWS = YES;
				GENERATE_INFOPLIST_FILE = YES;
				INFOPLIST_KEY_UIApplicationSceneManifest_Generation = YES;
				INFOPLIST_KEY_UIApplicationSupportsIndirectInputEvents = YES;
				INFOPLIST_KEY_UILaunchScreen_Generation = YES;
				INFOPLIST_KEY_UISupportedInterfaceOrientations_iPad = "UIInterfaceOrientationPortrait UIInterfaceOrientationPortraitUpsideDown UIInterfaceOrientationLandscapeLeft UIInterfaceOrientationLandscapeRight";
				INFOPLIST_KEY_UISupportedInterfaceOrientations_iPhone = "UIInterfaceOrientationPortrait UIInterfaceOrientationLandscapeLeft UIInterfaceOrientationLandscapeRight";
				LD_RUNPATH_SEARCH_PATHS = (
					"$(inherited)",
					"@executable_path/Frameworks",
				);
				MARKETING_VERSION = 1.0;
				PRODUCT_BUNDLE_IDENTIFIER = com.rajanand.WeatherSwiftUI;
				PRODUCT_NAME = "$(TARGET_NAME)";
				SWIFT_EMIT_LOC_STRINGS = YES;
				SWIFT_VERSION = 5.0;
				TARGETED_DEVICE_FAMILY = "1,2";
			};
			name = Debug;
		};
		BE6C20D92969C0920097BE0F /* Release */ = {
			isa = XCBuildConfiguration;
			buildSettings = {
				ASSETCATALOG_COMPILER_APPICON_NAME = AppIcon;
				ASSETCATALOG_COMPILER_GLOBAL_ACCENT_COLOR_NAME = AccentColor;
				CODE_SIGN_STYLE = Automatic;
				CURRENT_PROJECT_VERSION = 1;
				DEVELOPMENT_ASSET_PATHS = "\"WeatherSwiftUI/Preview Content\"";
				DEVELOPMENT_TEAM = VRQ6H42Z38;
				ENABLE_PREVIEWS = YES;
				GENERATE_INFOPLIST_FILE = YES;
				INFOPLIST_KEY_UIApplicationSceneManifest_Generation = YES;
				INFOPLIST_KEY_UIApplicationSupportsIndirectInputEvents = YES;
				INFOPLIST_KEY_UILaunchScreen_Generation = YES;
				INFOPLIST_KEY_UISupportedInterfaceOrientations_iPad = "UIInterfaceOrientationPortrait UIInterfaceOrientationPortraitUpsideDown UIInterfaceOrientationLandscapeLeft UIInterfaceOrientationLandscapeRight";
				INFOPLIST_KEY_UISupportedInterfaceOrientations_iPhone = "UIInterfaceOrientationPortrait UIInterfaceOrientationLandscapeLeft UIInterfaceOrientationLandscapeRight";
				LD_RUNPATH_SEARCH_PATHS = (
					"$(inherited)",
					"@executable_path/Frameworks",
				);
				MARKETING_VERSION = 1.0;
				PRODUCT_BUNDLE_IDENTIFIER = com.rajanand.WeatherSwiftUI;
				PRODUCT_NAME = "$(TARGET_NAME)";
				SWIFT_EMIT_LOC_STRINGS = YES;
				SWIFT_VERSION = 5.0;
				TARGETED_DEVICE_FAMILY = "1,2";
			};
			name = Release;
		};
		BE6C20DB2969C0920097BE0F /* Debug */ = {
			isa = XCBuildConfiguration;
			buildSettings = {
				ALWAYS_EMBED_SWIFT_STANDARD_LIBRARIES = YES;
				BUNDLE_LOADER = "$(TEST_HOST)";
				CODE_SIGN_STYLE = Automatic;
				CURRENT_PROJECT_VERSION = 1;
				DEVELOPMENT_TEAM = VRQ6H42Z38;
				GENERATE_INFOPLIST_FILE = YES;
				IPHONEOS_DEPLOYMENT_TARGET = 15.5;
				MARKETING_VERSION = 1.0;
				PRODUCT_BUNDLE_IDENTIFIER = com.rajanand.WeatherSwiftUITests;
				PRODUCT_NAME = "$(TARGET_NAME)";
				SWIFT_EMIT_LOC_STRINGS = NO;
				SWIFT_VERSION = 5.0;
				TARGETED_DEVICE_FAMILY = "1,2";
				TEST_HOST = "$(BUILT_PRODUCTS_DIR)/WeatherSwiftUI.app/WeatherSwiftUI";
			};
			name = Debug;
		};
		BE6C20DC2969C0920097BE0F /* Release */ = {
			isa = XCBuildConfiguration;
			buildSettings = {
				ALWAYS_EMBED_SWIFT_STANDARD_LIBRARIES = YES;
				BUNDLE_LOADER = "$(TEST_HOST)";
				CODE_SIGN_STYLE = Automatic;
				CURRENT_PROJECT_VERSION = 1;
				DEVELOPMENT_TEAM = VRQ6H42Z38;
				GENERATE_INFOPLIST_FILE = YES;
				IPHONEOS_DEPLOYMENT_TARGET = 15.5;
				MARKETING_VERSION = 1.0;
				PRODUCT_BUNDLE_IDENTIFIER = com.rajanand.WeatherSwiftUITests;
				PRODUCT_NAME = "$(TARGET_NAME)";
				SWIFT_EMIT_LOC_STRINGS = NO;
				SWIFT_VERSION = 5.0;
				TARGETED_DEVICE_FAMILY = "1,2";
				TEST_HOST = "$(BUILT_PRODUCTS_DIR)/WeatherSwiftUI.app/WeatherSwiftUI";
			};
			name = Release;
		};
		BE6C20DE2969C0920097BE0F /* Debug */ = {
			isa = XCBuildConfiguration;
			buildSettings = {
				ALWAYS_EMBED_SWIFT_STANDARD_LIBRARIES = YES;
				CODE_SIGN_STYLE = Automatic;
				CURRENT_PROJECT_VERSION = 1;
				DEVELOPMENT_TEAM = VRQ6H42Z38;
				GENERATE_INFOPLIST_FILE = YES;
				MARKETING_VERSION = 1.0;
				PRODUCT_BUNDLE_IDENTIFIER = com.rajanand.WeatherSwiftUIUITests;
				PRODUCT_NAME = "$(TARGET_NAME)";
				SWIFT_EMIT_LOC_STRINGS = NO;
				SWIFT_VERSION = 5.0;
				TARGETED_DEVICE_FAMILY = "1,2";
				TEST_TARGET_NAME = WeatherSwiftUI;
			};
			name = Debug;
		};
		BE6C20DF2969C0920097BE0F /* Release */ = {
			isa = XCBuildConfiguration;
			buildSettings = {
				ALWAYS_EMBED_SWIFT_STANDARD_LIBRARIES = YES;
				CODE_SIGN_STYLE = Automatic;
				CURRENT_PROJECT_VERSION = 1;
				DEVELOPMENT_TEAM = VRQ6H42Z38;
				GENERATE_INFOPLIST_FILE = YES;
				MARKETING_VERSION = 1.0;
				PRODUCT_BUNDLE_IDENTIFIER = com.rajanand.WeatherSwiftUIUITests;
				PRODUCT_NAME = "$(TARGET_NAME)";
				SWIFT_EMIT_LOC_STRINGS = NO;
				SWIFT_VERSION = 5.0;
				TARGETED_DEVICE_FAMILY = "1,2";
				TEST_TARGET_NAME = WeatherSwiftUI;
			};
			name = Release;
		};
/* End XCBuildConfiguration section */

/* Begin XCConfigurationList section */
		BE6C20AE2969C08E0097BE0F /* Build configuration list for PBXProject "WeatherSwiftUI" */ = {
			isa = XCConfigurationList;
			buildConfigurations = (
				BE6C20D52969C0920097BE0F /* Debug */,
				BE6C20D62969C0920097BE0F /* Release */,
			);
			defaultConfigurationIsVisible = 0;
			defaultConfigurationName = Release;
		};
		BE6C20D72969C0920097BE0F /* Build configuration list for PBXNativeTarget "WeatherSwiftUI" */ = {
			isa = XCConfigurationList;
			buildConfigurations = (
				BE6C20D82969C0920097BE0F /* Debug */,
				BE6C20D92969C0920097BE0F /* Release */,
			);
			defaultConfigurationIsVisible = 0;
			defaultConfigurationName = Release;
		};
		BE6C20DA2969C0920097BE0F /* Build configuration list for PBXNativeTarget "WeatherSwiftUITests" */ = {
			isa = XCConfigurationList;
			buildConfigurations = (
				BE6C20DB2969C0920097BE0F /* Debug */,
				BE6C20DC2969C0920097BE0F /* Release */,
			);
			defaultConfigurationIsVisible = 0;
			defaultConfigurationName = Release;
		};
		BE6C20DD2969C0920097BE0F /* Build configuration list for PBXNativeTarget "WeatherSwiftUIUITests" */ = {
			isa = XCConfigurationList;
			buildConfigurations = (
				BE6C20DE2969C0920097BE0F /* Debug */,
				BE6C20DF2969C0920097BE0F /* Release */,
			);
			defaultConfigurationIsVisible = 0;
			defaultConfigurationName = Release;
		};
/* End XCConfigurationList section */
	};
	rootObject = BE6C20AB2969C08E0097BE0F /* Project object */;
}
